
Microsoft Visual Studio Solution File, Format Version 12.00
# Visual Studio Version 16
VisualStudioVersion = 16.0.29920.165
MinimumVisualStudioVersion = 10.0.40219.1
Project("{FAE04EC0-301F-11D3-BF4B-00C04F79EFBC}") = "Computers_Class", "Computers_Class\Computers_Class.csproj", "{F0D74C3B-A932-4CBD-A105-D296D8D664C8}"
EndProject
Global
	GlobalSection(SolutionConfigurationPlatforms) = preSolution
		Debug|Any CPU = Debug|Any CPU
		Release|Any CPU = Release|Any CPU
	EndGlobalSection
	GlobalSection(ProjectConfigurationPlatforms) = postSolution
		{F0D74C3B-A932-4CBD-A105-D296D8D664C8}.Debug|Any CPU.ActiveCfg = Debug|Any CPU
		{F0D74C3B-A932-4CBD-A105-D296D8D664C8}.Debug|Any CPU.Build.0 = Debug|Any CPU
		{F0D74C3B-A932-4CBD-A105-D296D8D664C8}.Release|Any CPU.ActiveCfg = Release|Any CPU
		{F0D74C3B-A932-4CBD-A105-D296D8D664C8}.Release|Any CPU.Build.0 = Release|Any CPU
	EndGlobalSection
	GlobalSection(SolutionProperties) = preSolution
		HideSolutionNode = FALSE
	EndGlobalSection
	GlobalSection(ExtensibilityGlobals) = postSolution
		SolutionGuid = {4E4F3538-9610-48F4-96B4-D5D5175C7078}
	EndGlobalSection
EndGlobal
